
Microsoft Visual Studio Solution File, Format Version 12.00
# Visual Studio Version 17
VisualStudioVersion = 17.6.33801.468
MinimumVisualStudioVersion = 10.0.40219.1
Project("{FAE04EC0-301F-11D3-BF4B-00C04F79EFBC}") = "BlazorComponentEvents", "BlazorComponentEvents\BlazorComponentEvents.csproj", "{486E1467-3CED-4001-82BE-5E05C23FF85D}"
EndProject
Global
	GlobalSection(SolutionConfigurationPlatforms) = preSolution
		Debug|Any CPU = Debug|Any CPU
		Release|Any CPU = Release|Any CPU
	EndGlobalSection
	GlobalSection(ProjectConfigurationPlatforms) = postSolution
		{486E1467-3CED-4001-82BE-5E05C23FF85D}.Debug|Any CPU.ActiveCfg = Debug|Any CPU
		{486E1467-3CED-4001-82BE-5E05C23FF85D}.Debug|Any CPU.Build.0 = Debug|Any CPU
		{486E1467-3CED-4001-82BE-5E05C23FF85D}.Release|Any CPU.ActiveCfg = Release|Any CPU
		{486E1467-3CED-4001-82BE-5E05C23FF85D}.Release|Any CPU.Build.0 = Release|Any CPU
	EndGlobalSection
	GlobalSection(SolutionProperties) = preSolution
		HideSolutionNode = FALSE
	EndGlobalSection
	GlobalSection(ExtensibilityGlobals) = postSolution
		SolutionGuid = {0DDA575A-F2EE-477B-A0A3-77084EE7F813}
	EndGlobalSection
EndGlobal
